
Microsoft Visual Studio Solution File, Format Version 12.00
# Visual Studio 15
VisualStudioVersion = 15.0.27428.2037
MinimumVisualStudioVersion = 10.0.40219.1
Project("{FAE04EC0-301F-11D3-BF4B-00C04F79EFBC}") = "Vueling.Presentation", "Vueling.Presentation\Vueling.Presentation.csproj", "{BEFCE59F-8B55-4C0B-A71B-E099E49466EA}"
EndProject
Global
	GlobalSection(SolutionConfigurationPlatforms) = preSolution
		Debug|Any CPU = Debug|Any CPU
		Release|Any CPU = Release|Any CPU
	EndGlobalSection
	GlobalSection(ProjectConfigurationPlatforms) = postSolution
		{BEFCE59F-8B55-4C0B-A71B-E099E49466EA}.Debug|Any CPU.ActiveCfg = Debug|Any CPU
		{BEFCE59F-8B55-4C0B-A71B-E099E49466EA}.Debug|Any CPU.Build.0 = Debug|Any CPU
		{BEFCE59F-8B55-4C0B-A71B-E099E49466EA}.Release|Any CPU.ActiveCfg = Release|Any CPU
		{BEFCE59F-8B55-4C0B-A71B-E099E49466EA}.Release|Any CPU.Build.0 = Release|Any CPU
	EndGlobalSection
	GlobalSection(SolutionProperties) = preSolution
		HideSolutionNode = FALSE
	EndGlobalSection
	GlobalSection(ExtensibilityGlobals) = postSolution
		SolutionGuid = {FE10CE77-3452-4252-9E13-12F504BE11AC}
	EndGlobalSection
EndGlobal
